
Microsoft Visual Studio Solution File, Format Version 12.00
# Visual Studio Version 16
VisualStudioVersion = 16.0.29613.14
MinimumVisualStudioVersion = 10.0.40219.1
Project("{FAE04EC0-301F-11D3-BF4B-00C04F79EFBC}") = "Testing", "Testing.csproj", "{843AA401-90E9-4829-A4BA-F7B402F3DAEB}"
EndProject
Global
	GlobalSection(SolutionConfigurationPlatforms) = preSolution
		Debug|Any CPU = Debug|Any CPU
		Release|Any CPU = Release|Any CPU
	EndGlobalSection
	GlobalSection(ProjectConfigurationPlatforms) = postSolution
		{843AA401-90E9-4829-A4BA-F7B402F3DAEB}.Debug|Any CPU.ActiveCfg = Debug|Any CPU
		{843AA401-90E9-4829-A4BA-F7B402F3DAEB}.Debug|Any CPU.Build.0 = Debug|Any CPU
		{843AA401-90E9-4829-A4BA-F7B402F3DAEB}.Release|Any CPU.ActiveCfg = Release|Any CPU
		{843AA401-90E9-4829-A4BA-F7B402F3DAEB}.Release|Any CPU.Build.0 = Release|Any CPU
	EndGlobalSection
	GlobalSection(SolutionProperties) = preSolution
		HideSolutionNode = FALSE
	EndGlobalSection
	GlobalSection(ExtensibilityGlobals) = postSolution
		SolutionGuid = {4E236935-B903-4AD8-9E7A-94E046450EFD}
	EndGlobalSection
EndGlobal
